// !$*UTF8*$!
{
	archiveVersion = 1;
	classes = {
	};
	objectVersion = 55;
	objects = {

/* Begin PBXBuildFile section */
		6313B4012860ACE5002749D8 /* TransactionList.swift in Sources */ = {isa = PBXBuildFile; fileRef = 6313B4002860ACE5002749D8 /* TransactionList.swift */; };
		63406BEF285B57420049A2E9 /* RecentTransactionList .swift in Sources */ = {isa = PBXBuildFile; fileRef = 63406BEE285B57420049A2E9 /* RecentTransactionList .swift */; };
		638044992864A16600488C2F /* Collections in Frameworks */ = {isa = PBXBuildFile; productRef = 638044982864A16600488C2F /* Collections */; };
		6380449C2864A2D400488C2F /* SwiftUICharts in Frameworks */ = {isa = PBXBuildFile; productRef = 6380449B2864A2D400488C2F /* SwiftUICharts */; };
		63999E982858DACC0032E413 /* TransactionListViewModel.swift in Sources */ = {isa = PBXBuildFile; fileRef = 63999E972858DACC0032E413 /* TransactionListViewModel.swift */; };
		63EC045E2857455900381E49 /* Expenses_TrackingApp.swift in Sources */ = {isa = PBXBuildFile; fileRef = 63EC045D2857455900381E49 /* Expenses_TrackingApp.swift */; };
		63EC04602857455900381E49 /* ContentView.swift in Sources */ = {isa = PBXBuildFile; fileRef = 63EC045F2857455900381E49 /* ContentView.swift */; };
		63EC04622857455A00381E49 /* Assets.xcassets in Resources */ = {isa = PBXBuildFile; fileRef = 63EC04612857455A00381E49 /* Assets.xcassets */; };
		63EC04652857455A00381E49 /* Preview Assets.xcassets in Resources */ = {isa = PBXBuildFile; fileRef = 63EC04642857455A00381E49 /* Preview Assets.xcassets */; };
		63EC046C2857485700381E49 /* Extensions.swift in Sources */ = {isa = PBXBuildFile; fileRef = 63EC046B2857485700381E49 /* Extensions.swift */; };
		63EC046E28574BED00381E49 /* TransactionModel.swift in Sources */ = {isa = PBXBuildFile; fileRef = 63EC046D28574BED00381E49 /* TransactionModel.swift */; };
		63EC047028574DC000381E49 /* PreviewData.swift in Sources */ = {isa = PBXBuildFile; fileRef = 63EC046F28574DC000381E49 /* PreviewData.swift */; };
		63EC047228574EDB00381E49 /* TransactionRow.swift in Sources */ = {isa = PBXBuildFile; fileRef = 63EC047128574EDB00381E49 /* TransactionRow.swift */; };
		63EC047528575E8100381E49 /* SwiftUIFontIcon in Frameworks */ = {isa = PBXBuildFile; productRef = 63EC047428575E8100381E49 /* SwiftUIFontIcon */; };
/* End PBXBuildFile section */

/* Begin PBXFileReference section */
		6313B4002860ACE5002749D8 /* TransactionList.swift */ = {isa = PBXFileReference; lastKnownFileType = sourcecode.swift; path = TransactionList.swift; sourceTree = "<group>"; };
		63406BEE285B57420049A2E9 /* RecentTransactionList .swift */ = {isa = PBXFileReference; lastKnownFileType = sourcecode.swift; path = "RecentTransactionList .swift"; sourceTree = "<group>"; };
		63999E972858DACC0032E413 /* TransactionListViewModel.swift */ = {isa = PBXFileReference; lastKnownFileType = sourcecode.swift; path = TransactionListViewModel.swift; sourceTree = "<group>"; };
		63EC045A2857455900381E49 /* Expenses Tracking.app */ = {isa = PBXFileReference; explicitFileType = wrapper.application; includeInIndex = 0; path = "Expenses Tracking.app"; sourceTree = BUILT_PRODUCTS_DIR; };
		63EC045D2857455900381E49 /* Expenses_TrackingApp.swift */ = {isa = PBXFileReference; lastKnownFileType = sourcecode.swift; path = Expenses_TrackingApp.swift; sourceTree = "<group>"; };
		63EC045F2857455900381E49 /* ContentView.swift */ = {isa = PBXFileReference; lastKnownFileType = sourcecode.swift; path = ContentView.swift; sourceTree = "<group>"; };
		63EC04612857455A00381E49 /* Assets.xcassets */ = {isa = PBXFileReference; lastKnownFileType = folder.assetcatalog; path = Assets.xcassets; sourceTree = "<group>"; };
		63EC04642857455A00381E49 /* Preview Assets.xcassets */ = {isa = PBXFileReference; lastKnownFileType = folder.assetcatalog; path = "Preview Assets.xcassets"; sourceTree = "<group>"; };
		63EC046B2857485700381E49 /* Extensions.swift */ = {isa = PBXFileReference; lastKnownFileType = sourcecode.swift; path = Extensions.swift; sourceTree = "<group>"; };
		63EC046D28574BED00381E49 /* TransactionModel.swift */ = {isa = PBXFileReference; lastKnownFileType = sourcecode.swift; path = TransactionModel.swift; sourceTree = "<group>"; };
		63EC046F28574DC000381E49 /* PreviewData.swift */ = {isa = PBXFileReference; lastKnownFileType = sourcecode.swift; path = PreviewData.swift; sourceTree = "<group>"; };
		63EC047128574EDB00381E49 /* TransactionRow.swift */ = {isa = PBXFileReference; lastKnownFileType = sourcecode.swift; path = TransactionRow.swift; sourceTree = "<group>"; };
/* End PBXFileReference section */

/* Begin PBXFrameworksBuildPhase section */
		63EC04572857455900381E49 /* Frameworks */ = {
			isa = PBXFrameworksBuildPhase;
			buildActionMask = 2147483647;
			files = (
				6380449C2864A2D400488C2F /* SwiftUICharts in Frameworks */,
				638044992864A16600488C2F /* Collections in Frameworks */,
				63EC047528575E8100381E49 /* SwiftUIFontIcon in Frameworks */,
			);
			runOnlyForDeploymentPostprocessing = 0;
		};
/* End PBXFrameworksBuildPhase section */

/* Begin PBXGroup section */
		63EC04512857455900381E49 = {
			isa = PBXGroup;
			children = (
				63EC045C2857455900381E49 /* Expenses Tracking */,
				63EC045B2857455900381E49 /* Products */,
			);
			sourceTree = "<group>";
		};
		63EC045B2857455900381E49 /* Products */ = {
			isa = PBXGroup;
			children = (
				63EC045A2857455900381E49 /* Expenses Tracking.app */,
			);
			name = Products;
			sourceTree = "<group>";
		};
		63EC045C2857455900381E49 /* Expenses Tracking */ = {
			isa = PBXGroup;
			children = (
				63EC045D2857455900381E49 /* Expenses_TrackingApp.swift */,
				63EC045F2857455900381E49 /* ContentView.swift */,
				63406BEE285B57420049A2E9 /* RecentTransactionList .swift */,
				63EC047128574EDB00381E49 /* TransactionRow.swift */,
				63EC046B2857485700381E49 /* Extensions.swift */,
				63999E972858DACC0032E413 /* TransactionListViewModel.swift */,
				6313B4002860ACE5002749D8 /* TransactionList.swift */,
				63EC046D28574BED00381E49 /* TransactionModel.swift */,
				63EC04612857455A00381E49 /* Assets.xcassets */,
				63EC04632857455A00381E49 /* Preview Content */,
			);
			path = "Expenses Tracking";
			sourceTree = "<group>";
		};
		63EC04632857455A00381E49 /* Preview Content */ = {
			isa = PBXGroup;
			children = (
				63EC046F28574DC000381E49 /* PreviewData.swift */,
				63EC04642857455A00381E49 /* Preview Assets.xcassets */,
			);
			path = "Preview Content";
			sourceTree = "<group>";
		};
/* End PBXGroup section */

/* Begin PBXNativeTarget section */
		63EC04592857455900381E49 /* Expenses Tracking */ = {
			isa = PBXNativeTarget;
			buildConfigurationList = 63EC04682857455A00381E49 /* Build configuration list for PBXNativeTarget "Expenses Tracking" */;
			buildPhases = (
				63EC04562857455900381E49 /* Sources */,
				63EC04572857455900381E49 /* Frameworks */,
				63EC04582857455900381E49 /* Resources */,
			);
			buildRules = (
			);
			dependencies = (
			);
			name = "Expenses Tracking";
			packageProductDependencies = (
				63EC047428575E8100381E49 /* SwiftUIFontIcon */,
				638044982864A16600488C2F /* Collections */,
				6380449B2864A2D400488C2F /* SwiftUICharts */,
			);
			productName = "Expenses Tracking";
			productReference = 63EC045A2857455900381E49 /* Expenses Tracking.app */;
			productType = "com.apple.product-type.application";
		};
/* End PBXNativeTarget section */

/* Begin PBXProject section */
		63EC04522857455900381E49 /* Project object */ = {
			isa = PBXProject;
			attributes = {
				BuildIndependentTargetsInParallel = 1;
				LastSwiftUpdateCheck = 1310;
				LastUpgradeCheck = 1310;
				TargetAttributes = {
					63EC04592857455900381E49 = {
						CreatedOnToolsVersion = 13.1;
					};
				};
			};
			buildConfigurationList = 63EC04552857455900381E49 /* Build configuration list for PBXProject "Expenses Tracking" */;
			compatibilityVersion = "Xcode 13.0";
			developmentRegion = en;
			hasScannedForEncodings = 0;
			knownRegions = (
				en,
				Base,
			);
			mainGroup = 63EC04512857455900381E49;
			packageReferences = (
				63EC047328575E8100381E49 /* XCRemoteSwiftPackageReference "SwiftUIFontIcon" */,
				638044972864A16600488C2F /* XCRemoteSwiftPackageReference "swift-collections" */,
				6380449A2864A2D400488C2F /* XCRemoteSwiftPackageReference "ChartView" */,
			);
			productRefGroup = 63EC045B2857455900381E49 /* Products */;
			projectDirPath = "";
			projectRoot = "";
			targets = (
				63EC04592857455900381E49 /* Expenses Tracking */,
			);
		};
/* End PBXProject section */

/* Begin PBXResourcesBuildPhase section */
		63EC04582857455900381E49 /* Resources */ = {
			isa = PBXResourcesBuildPhase;
			buildActionMask = 2147483647;
			files = (
				63EC04652857455A00381E49 /* Preview Assets.xcassets in Resources */,
				63EC04622857455A00381E49 /* Assets.xcassets in Resources */,
			);
			runOnlyForDeploymentPostprocessing = 0;
		};
/* End PBXResourcesBuildPhase section */

/* Begin PBXSourcesBuildPhase section */
		63EC04562857455900381E49 /* Sources */ = {
			isa = PBXSourcesBuildPhase;
			buildActionMask = 2147483647;
			files = (
				63EC047028574DC000381E49 /* PreviewData.swift in Sources */,
				6313B4012860ACE5002749D8 /* TransactionList.swift in Sources */,
				63EC046E28574BED00381E49 /* TransactionModel.swift in Sources */,
				63406BEF285B57420049A2E9 /* RecentTransactionList .swift in Sources */,
				63EC04602857455900381E49 /* ContentView.swift in Sources */,
				63EC047228574EDB00381E49 /* TransactionRow.swift in Sources */,
				63EC046C2857485700381E49 /* Extensions.swift in Sources */,
				63999E982858DACC0032E413 /* TransactionListViewModel.swift in Sources */,
				63EC045E2857455900381E49 /* Expenses_TrackingApp.swift in Sources */,
			);
			runOnlyForDeploymentPostprocessing = 0;
		};
/* End PBXSourcesBuildPhase section */

/* Begin XCBuildConfiguration section */
		63EC04662857455A00381E49 /* Debug */ = {
			isa = XCBuildConfiguration;
			buildSettings = {
				ALWAYS_SEARCH_USER_PATHS = NO;
				CLANG_ANALYZER_NONNULL = YES;
				CLANG_ANALYZER_NUMBER_OBJECT_CONVERSION = YES_AGGRESSIVE;
				CLANG_CXX_LANGUAGE_STANDARD = "gnu++17";
				CLANG_CXX_LIBRARY = "libc++";
				CLANG_ENABLE_MODULES = YES;
				CLANG_ENABLE_OBJC_ARC = YES;
				CLANG_ENABLE_OBJC_WEAK = YES;
				CLANG_WARN_BLOCK_CAPTURE_AUTORELEASING = YES;
				CLANG_WARN_BOOL_CONVERSION = YES;
				CLANG_WARN_COMMA = YES;
				CLANG_WARN_CONSTANT_CONVERSION = YES;
				CLANG_WARN_DEPRECATED_OBJC_IMPLEMENTATIONS = YES;
				CLANG_WARN_DIRECT_OBJC_ISA_USAGE = YES_ERROR;
				CLANG_WARN_DOCUMENTATION_COMMENTS = YES;
				CLANG_WARN_EMPTY_BODY = YES;
				CLANG_WARN_ENUM_CONVERSION = YES;
				CLANG_WARN_INFINITE_RECURSION = YES;
				CLANG_WARN_INT_CONVERSION = YES;
				CLANG_WARN_NON_LITERAL_NULL_CONVERSION = YES;
				CLANG_WARN_OBJC_IMPLICIT_RETAIN_SELF = YES;
				CLANG_WARN_OBJC_LITERAL_CONVERSION = YES;
				CLANG_WARN_OBJC_ROOT_CLASS = YES_ERROR;
				CLANG_WARN_QUOTED_INCLUDE_IN_FRAMEWORK_HEADER = YES;
				CLANG_WARN_RANGE_LOOP_ANALYSIS = YES;
				CLANG_WARN_STRICT_PROTOTYPES = YES;
				CLANG_WARN_SUSPICIOUS_MOVE = YES;
				CLANG_WARN_UNGUARDED_AVAILABILITY = YES_AGGRESSIVE;
				CLANG_WARN_UNREACHABLE_CODE = YES;
				CLANG_WARN__DUPLICATE_METHOD_MATCH = YES;
				COPY_PHASE_STRIP = NO;
				DEBUG_INFORMATION_FORMAT = dwarf;
				ENABLE_STRICT_OBJC_MSGSEND = YES;
				ENABLE_TESTABILITY = YES;
				GCC_C_LANGUAGE_STANDARD = gnu11;
				GCC_DYNAMIC_NO_PIC = NO;
				GCC_NO_COMMON_BLOCKS = YES;
				GCC_OPTIMIZATION_LEVEL = 0;
				GCC_PREPROCESSOR_DEFINITIONS = (
					"DEBUG=1",
					"$(inherited)",
				);
				GCC_WARN_64_TO_32_BIT_CONVERSION = YES;
				GCC_WARN_ABOUT_RETURN_TYPE = YES_ERROR;
				GCC_WARN_UNDECLARED_SELECTOR = YES;
				GCC_WARN_UNINITIALIZED_AUTOS = YES_AGGRESSIVE;
				GCC_WARN_UNUSED_FUNCTION = YES;
				GCC_WARN_UNUSED_VARIABLE = YES;
				IPHONEOS_DEPLOYMENT_TARGET = 15.0;
				MTL_ENABLE_DEBUG_INFO = INCLUDE_SOURCE;
				MTL_FAST_MATH = YES;
				ONLY_ACTIVE_ARCH = YES;
				SDKROOT = iphoneos;
				SWIFT_ACTIVE_COMPILATION_CONDITIONS = DEBUG;
				SWIFT_OPTIMIZATION_LEVEL = "-Onone";
			};
			name = Debug;
		};
		63EC04672857455A00381E49 /* Release */ = {
			isa = XCBuildConfiguration;
			buildSettings = {
				ALWAYS_SEARCH_USER_PATHS = NO;
				CLANG_ANALYZER_NONNULL = YES;
				CLANG_ANALYZER_NUMBER_OBJECT_CONVERSION = YES_AGGRESSIVE;
				CLANG_CXX_LANGUAGE_STANDARD = "gnu++17";
				CLANG_CXX_LIBRARY = "libc++";
				CLANG_ENABLE_MODULES = YES;
				CLANG_ENABLE_OBJC_ARC = YES;
				CLANG_ENABLE_OBJC_WEAK = YES;
				CLANG_WARN_BLOCK_CAPTURE_AUTORELEASING = YES;
				CLANG_WARN_BOOL_CONVERSION = YES;
				CLANG_WARN_COMMA = YES;
				CLANG_WARN_CONSTANT_CONVERSION = YES;
				CLANG_WARN_DEPRECATED_OBJC_IMPLEMENTATIONS = YES;
				CLANG_WARN_DIRECT_OBJC_ISA_USAGE = YES_ERROR;
				CLANG_WARN_DOCUMENTATION_COMMENTS = YES;
				CLANG_WARN_EMPTY_BODY = YES;
				CLANG_WARN_ENUM_CONVERSION = YES;
				CLANG_WARN_INFINITE_RECURSION = YES;
				CLANG_WARN_INT_CONVERSION = YES;
				CLANG_WARN_NON_LITERAL_NULL_CONVERSION = YES;
				CLANG_WARN_OBJC_IMPLICIT_RETAIN_SELF = YES;
				CLANG_WARN_OBJC_LITERAL_CONVERSION = YES;
				CLANG_WARN_OBJC_ROOT_CLASS = YES_ERROR;
				CLANG_WARN_QUOTED_INCLUDE_IN_FRAMEWORK_HEADER = YES;
				CLANG_WARN_RANGE_LOOP_ANALYSIS = YES;
				CLANG_WARN_STRICT_PROTOTYPES = YES;
				CLANG_WARN_SUSPICIOUS_MOVE = YES;
				CLANG_WARN_UNGUARDED_AVAILABILITY = YES_AGGRESSIVE;
				CLANG_WARN_UNREACHABLE_CODE = YES;
				CLANG_WARN__DUPLICATE_METHOD_MATCH = YES;
				COPY_PHASE_STRIP = NO;
				DEBUG_INFORMATION_FORMAT = "dwarf-with-dsym";
				ENABLE_NS_ASSERTIONS = NO;
				ENABLE_STRICT_OBJC_MSGSEND = YES;
				GCC_C_LANGUAGE_STANDARD = gnu11;
				GCC_NO_COMMON_BLOCKS = YES;
				GCC_WARN_64_TO_32_BIT_CONVERSION = YES;
				GCC_WARN_ABOUT_RETURN_TYPE = YES_ERROR;
				GCC_WARN_UNDECLARED_SELECTOR = YES;
				GCC_WARN_UNINITIALIZED_AUTOS = YES_AGGRESSIVE;
				GCC_WARN_UNUSED_FUNCTION = YES;
				GCC_WARN_UNUSED_VARIABLE = YES;
				IPHONEOS_DEPLOYMENT_TARGET = 15.0;
				MTL_ENABLE_DEBUG_INFO = NO;
				MTL_FAST_MATH = YES;
				SDKROOT = iphoneos;
				SWIFT_COMPILATION_MODE = wholemodule;
				SWIFT_OPTIMIZATION_LEVEL = "-O";
				VALIDATE_PRODUCT = YES;
			};
			name = Release;
		};
		63EC04692857455A00381E49 /* Debug */ = {
			isa = XCBuildConfiguration;
			buildSettings = {
				ASSETCATALOG_COMPILER_APPICON_NAME = AppIcon;
				ASSETCATALOG_COMPILER_GLOBAL_ACCENT_COLOR_NAME = AccentColor;
				CODE_SIGN_STYLE = Automatic;
				CURRENT_PROJECT_VERSION = 1;
				DEVELOPMENT_ASSET_PATHS = "\"Expenses Tracking/Preview Content\"";
				DEVELOPMENT_TEAM = YZD7BZY478;
				ENABLE_PREVIEWS = YES;
				GENERATE_INFOPLIST_FILE = YES;
				INFOPLIST_KEY_UIApplicationSceneManifest_Generation = YES;
				INFOPLIST_KEY_UIApplicationSupportsIndirectInputEvents = YES;
				INFOPLIST_KEY_UILaunchScreen_Generation = YES;
				INFOPLIST_KEY_UISupportedInterfaceOrientations_iPad = "UIInterfaceOrientationPortrait UIInterfaceOrientationPortraitUpsideDown UIInterfaceOrientationLandscapeLeft UIInterfaceOrientationLandscapeRight";
				INFOPLIST_KEY_UISupportedInterfaceOrientations_iPhone = "UIInterfaceOrientationPortrait UIInterfaceOrientationLandscapeLeft UIInterfaceOrientationLandscapeRight";
				LD_RUNPATH_SEARCH_PATHS = (
					"$(inherited)",
					"@executable_path/Frameworks",
				);
				MARKETING_VERSION = 1.0;
				PRODUCT_BUNDLE_IDENTIFIER = "Chikibamboni.Expenses-Tracking";
				PRODUCT_NAME = "$(TARGET_NAME)";
				SWIFT_EMIT_LOC_STRINGS = YES;
				SWIFT_VERSION = 5.0;
				TARGETED_DEVICE_FAMILY = "1,2";
			};
			name = Debug;
		};
		63EC046A2857455A00381E49 /* Release */ = {
			isa = XCBuildConfiguration;
			buildSettings = {
				ASSETCATALOG_COMPILER_APPICON_NAME = AppIcon;
				ASSETCATALOG_COMPILER_GLOBAL_ACCENT_COLOR_NAME = AccentColor;
				CODE_SIGN_STYLE = Automatic;
				CURRENT_PROJECT_VERSION = 1;
				DEVELOPMENT_ASSET_PATHS = "\"Expenses Tracking/Preview Content\"";
				DEVELOPMENT_TEAM = YZD7BZY478;
				ENABLE_PREVIEWS = YES;
				GENERATE_INFOPLIST_FILE = YES;
				INFOPLIST_KEY_UIApplicationSceneManifest_Generation = YES;
				INFOPLIST_KEY_UIApplicationSupportsIndirectInputEvents = YES;
				INFOPLIST_KEY_UILaunchScreen_Generation = YES;
				INFOPLIST_KEY_UISupportedInterfaceOrientations_iPad = "UIInterfaceOrientationPortrait UIInterfaceOrientationPortraitUpsideDown UIInterfaceOrientationLandscapeLeft UIInterfaceOrientationLandscapeRight";
				INFOPLIST_KEY_UISupportedInterfaceOrientations_iPhone = "UIInterfaceOrientationPortrait UIInterfaceOrientationLandscapeLeft UIInterfaceOrientationLandscapeRight";
				LD_RUNPATH_SEARCH_PATHS = (
					"$(inherited)",
					"@executable_path/Frameworks",
				);
				MARKETING_VERSION = 1.0;
				PRODUCT_BUNDLE_IDENTIFIER = "Chikibamboni.Expenses-Tracking";
				PRODUCT_NAME = "$(TARGET_NAME)";
				SWIFT_EMIT_LOC_STRINGS = YES;
				SWIFT_VERSION = 5.0;
				TARGETED_DEVICE_FAMILY = "1,2";
			};
			name = Release;
		};
/* End XCBuildConfiguration section */

/* Begin XCConfigurationList section */
		63EC04552857455900381E49 /* Build configuration list for PBXProject "Expenses Tracking" */ = {
			isa = XCConfigurationList;
			buildConfigurations = (
				63EC04662857455A00381E49 /* Debug */,
				63EC04672857455A00381E49 /* Release */,
			);
			defaultConfigurationIsVisible = 0;
			defaultConfigurationName = Release;
		};
		63EC04682857455A00381E49 /* Build configuration list for PBXNativeTarget "Expenses Tracking" */ = {
			isa = XCConfigurationList;
			buildConfigurations = (
				63EC04692857455A00381E49 /* Debug */,
				63EC046A2857455A00381E49 /* Release */,
			);
			defaultConfigurationIsVisible = 0;
			defaultConfigurationName = Release;
		};
/* End XCConfigurationList section */

/* Begin XCRemoteSwiftPackageReference section */
		638044972864A16600488C2F /* XCRemoteSwiftPackageReference "swift-collections" */ = {
			isa = XCRemoteSwiftPackageReference;
			repositoryURL = "https://github.com/apple/swift-collections.git";
			requirement = {
				kind = upToNextMajorVersion;
				minimumVersion = 1.0.2;
			};
		};
		6380449A2864A2D400488C2F /* XCRemoteSwiftPackageReference "ChartView" */ = {
			isa = XCRemoteSwiftPackageReference;
			repositoryURL = "https://github.com/AppPear/ChartView";
			requirement = {
				kind = exactVersion;
				version = "2.0.0-beta.2";
			};
		};
		63EC047328575E8100381E49 /* XCRemoteSwiftPackageReference "SwiftUIFontIcon" */ = {
			isa = XCRemoteSwiftPackageReference;
			repositoryURL = "https://github.com/huybuidac/SwiftUIFontIcon";
			requirement = {
				branch = master;
				kind = branch;
			};
		};
/* End XCRemoteSwiftPackageReference section */

/* Begin XCSwiftPackageProductDependency section */
		638044982864A16600488C2F /* Collections */ = {
			isa = XCSwiftPackageProductDependency;
			package = 638044972864A16600488C2F /* XCRemoteSwiftPackageReference "swift-collections" */;
			productName = Collections;
		};
		6380449B2864A2D400488C2F /* SwiftUICharts */ = {
			isa = XCSwiftPackageProductDependency;
			package = 6380449A2864A2D400488C2F /* XCRemoteSwiftPackageReference "ChartView" */;
			productName = SwiftUICharts;
		};
		63EC047428575E8100381E49 /* SwiftUIFontIcon */ = {
			isa = XCSwiftPackageProductDependency;
			package = 63EC047328575E8100381E49 /* XCRemoteSwiftPackageReference "SwiftUIFontIcon" */;
			productName = SwiftUIFontIcon;
		};
/* End XCSwiftPackageProductDependency section */
	};
	rootObject = 63EC04522857455900381E49 /* Project object */;
}
